
Microsoft Visual Studio Solution File, Format Version 12.00
# Visual Studio 14
VisualStudioVersion = 14.0.25420.1
MinimumVisualStudioVersion = 10.0.40219.1
Project("{FAE04EC0-301F-11D3-BF4B-00C04F79EFBC}") = "SolidPresentation.SRP", "SolidPresentation.SRP\SolidPresentation.SRP.csproj", "{B9F062AC-055A-43E1-B41C-256B22FE6258}"
EndProject
Project("{FAE04EC0-301F-11D3-BF4B-00C04F79EFBC}") = "SolidPresentation.OCP", "SolidPresentation.OCP\SolidPresentation.OCP.csproj", "{F0EC7E70-CB48-4130-B2DD-EF38BBC74766}"
EndProject
Project("{FAE04EC0-301F-11D3-BF4B-00C04F79EFBC}") = "SolidPresentation.LSP", "SolidPresentation.LSP\SolidPresentation.LSP.csproj", "{C9E329F1-AC69-4F3B-BD4E-BF38BFD02EB7}"
EndProject
Project("{FAE04EC0-301F-11D3-BF4B-00C04F79EFBC}") = "SolidPresentation.ISP", "SolidPresentation.ISP\SolidPresentation.ISP.csproj", "{970AD9B6-73BB-4859-92F8-133BC2AFD001}"
EndProject
Project("{FAE04EC0-301F-11D3-BF4B-00C04F79EFBC}") = "SolidPresentation.DIP", "SolidPresentation.DIP\SolidPresentation.DIP.csproj", "{9AEA48E3-B148-444B-910B-7D1DD64328DF}"
EndProject
Project("{2150E333-8FDC-42A3-9474-1A3956D46DE8}") = "DIP.Wpf", "DIP.Wpf", "{1267221E-DFD9-41AB-A5AE-FB24ABD995D1}"
EndProject
Project("{FAE04EC0-301F-11D3-BF4B-00C04F79EFBC}") = "SolidPresentation.DIP.Good.Domain", "SolidPresentation.DIP.Good.Domain\SolidPresentation.DIP.Good.Domain.csproj", "{2882CA48-AA91-4258-A957-3EECF71118EA}"
EndProject
Project("{2150E333-8FDC-42A3-9474-1A3956D46DE8}") = "Good", "Good", "{5F3E5461-4862-4BB7-A77E-CE0C357CA067}"
EndProject
Project("{FAE04EC0-301F-11D3-BF4B-00C04F79EFBC}") = "SolidPresentation.DIP.Good.ViewModels", "SolidPresentation.DIP.Good.ViewModels\SolidPresentation.DIP.Good.ViewModels.csproj", "{D80D9307-EA01-40EC-B805-EDD1F513404F}"
EndProject
Project("{FAE04EC0-301F-11D3-BF4B-00C04F79EFBC}") = "SolidPresentation.DIP.Good.Views", "SolidPresentation.DIP.Good.Views\SolidPresentation.DIP.Good.Views.csproj", "{5A12D780-66AF-4C5D-83CE-CE6EAFBBAD5C}"
EndProject
Project("{FAE04EC0-301F-11D3-BF4B-00C04F79EFBC}") = "SolidPresentation.DIP.Good.PureDIShell", "SolidPresentation.DIP.Good.PureDIShell\SolidPresentation.DIP.Good.PureDIShell.csproj", "{6CF4CF6A-ECDB-4AC6-AB3E-657CDB33728B}"
EndProject
Project("{FAE04EC0-301F-11D3-BF4B-00C04F79EFBC}") = "SolidPresentation.DIP.Good.Fakes", "SolidPresentation.DIP.Good.Fakes\SolidPresentation.DIP.Good.Fakes.csproj", "{8615A513-B8A0-44EF-AF99-3DA928BB8AF4}"
EndProject
Project("{FAE04EC0-301F-11D3-BF4B-00C04F79EFBC}") = "SolidPresentation.DIP.Good.PersistLiteDb", "SolidPresentation.DIP.Good.PersistLiteDb\SolidPresentation.DIP.Good.PersistLiteDb.csproj", "{BF0C9010-7897-4C3D-925E-D7D744B3A415}"
EndProject
Project("{FAE04EC0-301F-11D3-BF4B-00C04F79EFBC}") = "SolidPresentation.DIP.Good.Utils", "SolidPresentation.DIP.Good.Utils\SolidPresentation.DIP.Good.Utils.csproj", "{21A86F07-3DD4-4EC6-87D9-B9577D6F99BF}"
EndProject
Project("{FAE04EC0-301F-11D3-BF4B-00C04F79EFBC}") = "SolidPresentation.DIP.Good.IocShell", "SolidPresentation.DIP.Good.IocShell\SolidPresentation.DIP.Good.IocShell.csproj", "{CD420F87-8C52-454F-AFB7-410A777B164D}"
EndProject
Project("{FAE04EC0-301F-11D3-BF4B-00C04F79EFBC}") = "SolidPresentation.DIP.Good.ViewModelUnitTests", "SolidPresentation.DIP.Good.ViewModelUnitTests\SolidPresentation.DIP.Good.ViewModelUnitTests.csproj", "{06299614-419F-45FA-991C-39C54F153053}"
EndProject
Project("{2150E333-8FDC-42A3-9474-1A3956D46DE8}") = "Bad", "Bad", "{EF4BF538-4B7B-44B2-A546-3783C4977020}"
EndProject
Project("{FAE04EC0-301F-11D3-BF4B-00C04F79EFBC}") = "SolidPresentation.DIP.Bad.Business", "SolidPresentation.DIP.Bad.Business\SolidPresentation.DIP.Bad.Business.csproj", "{D91577FF-F537-40D9-99A7-E37295FD6357}"
EndProject
Project("{FAE04EC0-301F-11D3-BF4B-00C04F79EFBC}") = "SolidPresentation.DIP.Bad.WpfUi", "SolidPresentation.DIP.Bad.WpfUi\SolidPresentation.DIP.Bad.WpfUi.csproj", "{99BC7F30-D30E-4C06-871B-1C978C7879C8}"
EndProject
Project("{FAE04EC0-301F-11D3-BF4B-00C04F79EFBC}") = "SolidPresentation.DIP.Good.Services", "SolidPresentation.DIP.Good.Services\SolidPresentation.DIP.Good.Services.csproj", "{A7CE0160-754C-403C-A545-5DCA0316371E}"
EndProject
Global
	GlobalSection(SolutionConfigurationPlatforms) = preSolution
		Debug|Any CPU = Debug|Any CPU
		Debug|x64 = Debug|x64
		Release|Any CPU = Release|Any CPU
		Release|x64 = Release|x64
	EndGlobalSection
	GlobalSection(ProjectConfigurationPlatforms) = postSolution
		{B9F062AC-055A-43E1-B41C-256B22FE6258}.Debug|Any CPU.ActiveCfg = Debug|Any CPU
		{B9F062AC-055A-43E1-B41C-256B22FE6258}.Debug|Any CPU.Build.0 = Debug|Any CPU
		{B9F062AC-055A-43E1-B41C-256B22FE6258}.Debug|x64.ActiveCfg = Debug|x64
		{B9F062AC-055A-43E1-B41C-256B22FE6258}.Debug|x64.Build.0 = Debug|x64
		{B9F062AC-055A-43E1-B41C-256B22FE6258}.Release|Any CPU.ActiveCfg = Release|Any CPU
		{B9F062AC-055A-43E1-B41C-256B22FE6258}.Release|Any CPU.Build.0 = Release|Any CPU
		{B9F062AC-055A-43E1-B41C-256B22FE6258}.Release|x64.ActiveCfg = Release|x64
		{B9F062AC-055A-43E1-B41C-256B22FE6258}.Release|x64.Build.0 = Release|x64
		{F0EC7E70-CB48-4130-B2DD-EF38BBC74766}.Debug|Any CPU.ActiveCfg = Debug|Any CPU
		{F0EC7E70-CB48-4130-B2DD-EF38BBC74766}.Debug|Any CPU.Build.0 = Debug|Any CPU
		{F0EC7E70-CB48-4130-B2DD-EF38BBC74766}.Debug|x64.ActiveCfg = Debug|x64
		{F0EC7E70-CB48-4130-B2DD-EF38BBC74766}.Debug|x64.Build.0 = Debug|x64
		{F0EC7E70-CB48-4130-B2DD-EF38BBC74766}.Release|Any CPU.ActiveCfg = Release|Any CPU
		{F0EC7E70-CB48-4130-B2DD-EF38BBC74766}.Release|Any CPU.Build.0 = Release|Any CPU
		{F0EC7E70-CB48-4130-B2DD-EF38BBC74766}.Release|x64.ActiveCfg = Release|x64
		{F0EC7E70-CB48-4130-B2DD-EF38BBC74766}.Release|x64.Build.0 = Release|x64
		{C9E329F1-AC69-4F3B-BD4E-BF38BFD02EB7}.Debug|Any CPU.ActiveCfg = Debug|Any CPU
		{C9E329F1-AC69-4F3B-BD4E-BF38BFD02EB7}.Debug|Any CPU.Build.0 = Debug|Any CPU
		{C9E329F1-AC69-4F3B-BD4E-BF38BFD02EB7}.Debug|x64.ActiveCfg = Debug|x64
		{C9E329F1-AC69-4F3B-BD4E-BF38BFD02EB7}.Debug|x64.Build.0 = Debug|x64
		{C9E329F1-AC69-4F3B-BD4E-BF38BFD02EB7}.Release|Any CPU.ActiveCfg = Release|Any CPU
		{C9E329F1-AC69-4F3B-BD4E-BF38BFD02EB7}.Release|Any CPU.Build.0 = Release|Any CPU
		{C9E329F1-AC69-4F3B-BD4E-BF38BFD02EB7}.Release|x64.ActiveCfg = Release|x64
		{C9E329F1-AC69-4F3B-BD4E-BF38BFD02EB7}.Release|x64.Build.0 = Release|x64
		{970AD9B6-73BB-4859-92F8-133BC2AFD001}.Debug|Any CPU.ActiveCfg = Debug|Any CPU
		{970AD9B6-73BB-4859-92F8-133BC2AFD001}.Debug|Any CPU.Build.0 = Debug|Any CPU
		{970AD9B6-73BB-4859-92F8-133BC2AFD001}.Debug|x64.ActiveCfg = Debug|x64
		{970AD9B6-73BB-4859-92F8-133BC2AFD001}.Debug|x64.Build.0 = Debug|x64
		{970AD9B6-73BB-4859-92F8-133BC2AFD001}.Release|Any CPU.ActiveCfg = Release|Any CPU
		{970AD9B6-73BB-4859-92F8-133BC2AFD001}.Release|Any CPU.Build.0 = Release|Any CPU
		{970AD9B6-73BB-4859-92F8-133BC2AFD001}.Release|x64.ActiveCfg = Release|x64
		{970AD9B6-73BB-4859-92F8-133BC2AFD001}.Release|x64.Build.0 = Release|x64
		{9AEA48E3-B148-444B-910B-7D1DD64328DF}.Debug|Any CPU.ActiveCfg = Debug|Any CPU
		{9AEA48E3-B148-444B-910B-7D1DD64328DF}.Debug|Any CPU.Build.0 = Debug|Any CPU
		{9AEA48E3-B148-444B-910B-7D1DD64328DF}.Debug|x64.ActiveCfg = Debug|x64
		{9AEA48E3-B148-444B-910B-7D1DD64328DF}.Debug|x64.Build.0 = Debug|x64
		{9AEA48E3-B148-444B-910B-7D1DD64328DF}.Release|Any CPU.ActiveCfg = Release|Any CPU
		{9AEA48E3-B148-444B-910B-7D1DD64328DF}.Release|Any CPU.Build.0 = Release|Any CPU
		{9AEA48E3-B148-444B-910B-7D1DD64328DF}.Release|x64.ActiveCfg = Release|x64
		{9AEA48E3-B148-444B-910B-7D1DD64328DF}.Release|x64.Build.0 = Release|x64
		{2882CA48-AA91-4258-A957-3EECF71118EA}.Debug|Any CPU.ActiveCfg = Debug|Any CPU
		{2882CA48-AA91-4258-A957-3EECF71118EA}.Debug|Any CPU.Build.0 = Debug|Any CPU
		{2882CA48-AA91-4258-A957-3EECF71118EA}.Debug|x64.ActiveCfg = Debug|x64
		{2882CA48-AA91-4258-A957-3EECF71118EA}.Debug|x64.Build.0 = Debug|x64
		{2882CA48-AA91-4258-A957-3EECF71118EA}.Release|Any CPU.ActiveCfg = Release|Any CPU
		{2882CA48-AA91-4258-A957-3EECF71118EA}.Release|Any CPU.Build.0 = Release|Any CPU
		{2882CA48-AA91-4258-A957-3EECF71118EA}.Release|x64.ActiveCfg = Release|x64
		{2882CA48-AA91-4258-A957-3EECF71118EA}.Release|x64.Build.0 = Release|x64
		{D80D9307-EA01-40EC-B805-EDD1F513404F}.Debug|Any CPU.ActiveCfg = Debug|Any CPU
		{D80D9307-EA01-40EC-B805-EDD1F513404F}.Debug|Any CPU.Build.0 = Debug|Any CPU
		{D80D9307-EA01-40EC-B805-EDD1F513404F}.Debug|x64.ActiveCfg = Debug|x64
		{D80D9307-EA01-40EC-B805-EDD1F513404F}.Debug|x64.Build.0 = Debug|x64
		{D80D9307-EA01-40EC-B805-EDD1F513404F}.Release|Any CPU.ActiveCfg = Release|Any CPU
		{D80D9307-EA01-40EC-B805-EDD1F513404F}.Release|Any CPU.Build.0 = Release|Any CPU
		{D80D9307-EA01-40EC-B805-EDD1F513404F}.Release|x64.ActiveCfg = Release|x64
		{D80D9307-EA01-40EC-B805-EDD1F513404F}.Release|x64.Build.0 = Release|x64
		{5A12D780-66AF-4C5D-83CE-CE6EAFBBAD5C}.Debug|Any CPU.ActiveCfg = Debug|Any CPU
		{5A12D780-66AF-4C5D-83CE-CE6EAFBBAD5C}.Debug|Any CPU.Build.0 = Debug|Any CPU
		{5A12D780-66AF-4C5D-83CE-CE6EAFBBAD5C}.Debug|x64.ActiveCfg = Debug|x64
		{5A12D780-66AF-4C5D-83CE-CE6EAFBBAD5C}.Debug|x64.Build.0 = Debug|x64
		{5A12D780-66AF-4C5D-83CE-CE6EAFBBAD5C}.Release|Any CPU.ActiveCfg = Release|Any CPU
		{5A12D780-66AF-4C5D-83CE-CE6EAFBBAD5C}.Release|Any CPU.Build.0 = Release|Any CPU
		{5A12D780-66AF-4C5D-83CE-CE6EAFBBAD5C}.Release|x64.ActiveCfg = Release|x64
		{5A12D780-66AF-4C5D-83CE-CE6EAFBBAD5C}.Release|x64.Build.0 = Release|x64
		{6CF4CF6A-ECDB-4AC6-AB3E-657CDB33728B}.Debug|Any CPU.ActiveCfg = Debug|Any CPU
		{6CF4CF6A-ECDB-4AC6-AB3E-657CDB33728B}.Debug|Any CPU.Build.0 = Debug|Any CPU
		{6CF4CF6A-ECDB-4AC6-AB3E-657CDB33728B}.Debug|x64.ActiveCfg = Debug|x64
		{6CF4CF6A-ECDB-4AC6-AB3E-657CDB33728B}.Debug|x64.Build.0 = Debug|x64
		{6CF4CF6A-ECDB-4AC6-AB3E-657CDB33728B}.Release|Any CPU.ActiveCfg = Release|Any CPU
		{6CF4CF6A-ECDB-4AC6-AB3E-657CDB33728B}.Release|Any CPU.Build.0 = Release|Any CPU
		{6CF4CF6A-ECDB-4AC6-AB3E-657CDB33728B}.Release|x64.ActiveCfg = Release|x64
		{6CF4CF6A-ECDB-4AC6-AB3E-657CDB33728B}.Release|x64.Build.0 = Release|x64
		{8615A513-B8A0-44EF-AF99-3DA928BB8AF4}.Debug|Any CPU.ActiveCfg = Debug|Any CPU
		{8615A513-B8A0-44EF-AF99-3DA928BB8AF4}.Debug|Any CPU.Build.0 = Debug|Any CPU
		{8615A513-B8A0-44EF-AF99-3DA928BB8AF4}.Debug|x64.ActiveCfg = Debug|x64
		{8615A513-B8A0-44EF-AF99-3DA928BB8AF4}.Debug|x64.Build.0 = Debug|x64
		{8615A513-B8A0-44EF-AF99-3DA928BB8AF4}.Release|Any CPU.ActiveCfg = Release|Any CPU
		{8615A513-B8A0-44EF-AF99-3DA928BB8AF4}.Release|Any CPU.Build.0 = Release|Any CPU
		{8615A513-B8A0-44EF-AF99-3DA928BB8AF4}.Release|x64.ActiveCfg = Release|x64
		{8615A513-B8A0-44EF-AF99-3DA928BB8AF4}.Release|x64.Build.0 = Release|x64
		{BF0C9010-7897-4C3D-925E-D7D744B3A415}.Debug|Any CPU.ActiveCfg = Debug|Any CPU
		{BF0C9010-7897-4C3D-925E-D7D744B3A415}.Debug|Any CPU.Build.0 = Debug|Any CPU
		{BF0C9010-7897-4C3D-925E-D7D744B3A415}.Debug|x64.ActiveCfg = Debug|x64
		{BF0C9010-7897-4C3D-925E-D7D744B3A415}.Debug|x64.Build.0 = Debug|x64
		{BF0C9010-7897-4C3D-925E-D7D744B3A415}.Release|Any CPU.ActiveCfg = Release|Any CPU
		{BF0C9010-7897-4C3D-925E-D7D744B3A415}.Release|Any CPU.Build.0 = Release|Any CPU
		{BF0C9010-7897-4C3D-925E-D7D744B3A415}.Release|x64.ActiveCfg = Release|x64
		{BF0C9010-7897-4C3D-925E-D7D744B3A415}.Release|x64.Build.0 = Release|x64
		{21A86F07-3DD4-4EC6-87D9-B9577D6F99BF}.Debug|Any CPU.ActiveCfg = Debug|Any CPU
		{21A86F07-3DD4-4EC6-87D9-B9577D6F99BF}.Debug|Any CPU.Build.0 = Debug|Any CPU
		{21A86F07-3DD4-4EC6-87D9-B9577D6F99BF}.Debug|x64.ActiveCfg = Debug|x64
		{21A86F07-3DD4-4EC6-87D9-B9577D6F99BF}.Debug|x64.Build.0 = Debug|x64
		{21A86F07-3DD4-4EC6-87D9-B9577D6F99BF}.Release|Any CPU.ActiveCfg = Release|Any CPU
		{21A86F07-3DD4-4EC6-87D9-B9577D6F99BF}.Release|Any CPU.Build.0 = Release|Any CPU
		{21A86F07-3DD4-4EC6-87D9-B9577D6F99BF}.Release|x64.ActiveCfg = Release|Any CPU
		{21A86F07-3DD4-4EC6-87D9-B9577D6F99BF}.Release|x64.Build.0 = Release|Any CPU
		{CD420F87-8C52-454F-AFB7-410A777B164D}.Debug|Any CPU.ActiveCfg = Debug|Any CPU
		{CD420F87-8C52-454F-AFB7-410A777B164D}.Debug|Any CPU.Build.0 = Debug|Any CPU
		{CD420F87-8C52-454F-AFB7-410A777B164D}.Debug|x64.ActiveCfg = Debug|x64
		{CD420F87-8C52-454F-AFB7-410A777B164D}.Debug|x64.Build.0 = Debug|x64
		{CD420F87-8C52-454F-AFB7-410A777B164D}.Release|Any CPU.ActiveCfg = Release|Any CPU
		{CD420F87-8C52-454F-AFB7-410A777B164D}.Release|Any CPU.Build.0 = Release|Any CPU
		{CD420F87-8C52-454F-AFB7-410A777B164D}.Release|x64.ActiveCfg = Release|Any CPU
		{CD420F87-8C52-454F-AFB7-410A777B164D}.Release|x64.Build.0 = Release|Any CPU
		{06299614-419F-45FA-991C-39C54F153053}.Debug|Any CPU.ActiveCfg = Debug|Any CPU
		{06299614-419F-45FA-991C-39C54F153053}.Debug|Any CPU.Build.0 = Debug|Any CPU
		{06299614-419F-45FA-991C-39C54F153053}.Debug|x64.ActiveCfg = Debug|Any CPU
		{06299614-419F-45FA-991C-39C54F153053}.Debug|x64.Build.0 = Debug|Any CPU
		{06299614-419F-45FA-991C-39C54F153053}.Release|Any CPU.ActiveCfg = Release|Any CPU
		{06299614-419F-45FA-991C-39C54F153053}.Release|Any CPU.Build.0 = Release|Any CPU
		{06299614-419F-45FA-991C-39C54F153053}.Release|x64.ActiveCfg = Release|Any CPU
		{06299614-419F-45FA-991C-39C54F153053}.Release|x64.Build.0 = Release|Any CPU
		{D91577FF-F537-40D9-99A7-E37295FD6357}.Debug|Any CPU.ActiveCfg = Debug|Any CPU
		{D91577FF-F537-40D9-99A7-E37295FD6357}.Debug|Any CPU.Build.0 = Debug|Any CPU
		{D91577FF-F537-40D9-99A7-E37295FD6357}.Debug|x64.ActiveCfg = Debug|Any CPU
		{D91577FF-F537-40D9-99A7-E37295FD6357}.Debug|x64.Build.0 = Debug|Any CPU
		{D91577FF-F537-40D9-99A7-E37295FD6357}.Release|Any CPU.ActiveCfg = Release|Any CPU
		{D91577FF-F537-40D9-99A7-E37295FD6357}.Release|Any CPU.Build.0 = Release|Any CPU
		{D91577FF-F537-40D9-99A7-E37295FD6357}.Release|x64.ActiveCfg = Release|Any CPU
		{D91577FF-F537-40D9-99A7-E37295FD6357}.Release|x64.Build.0 = Release|Any CPU
		{99BC7F30-D30E-4C06-871B-1C978C7879C8}.Debug|Any CPU.ActiveCfg = Debug|Any CPU
		{99BC7F30-D30E-4C06-871B-1C978C7879C8}.Debug|Any CPU.Build.0 = Debug|Any CPU
		{99BC7F30-D30E-4C06-871B-1C978C7879C8}.Debug|x64.ActiveCfg = Debug|Any CPU
		{99BC7F30-D30E-4C06-871B-1C978C7879C8}.Debug|x64.Build.0 = Debug|Any CPU
		{99BC7F30-D30E-4C06-871B-1C978C7879C8}.Release|Any CPU.ActiveCfg = Release|Any CPU
		{99BC7F30-D30E-4C06-871B-1C978C7879C8}.Release|Any CPU.Build.0 = Release|Any CPU
		{99BC7F30-D30E-4C06-871B-1C978C7879C8}.Release|x64.ActiveCfg = Release|Any CPU
		{99BC7F30-D30E-4C06-871B-1C978C7879C8}.Release|x64.Build.0 = Release|Any CPU
		{A7CE0160-754C-403C-A545-5DCA0316371E}.Debug|Any CPU.ActiveCfg = Debug|Any CPU
		{A7CE0160-754C-403C-A545-5DCA0316371E}.Debug|Any CPU.Build.0 = Debug|Any CPU
		{A7CE0160-754C-403C-A545-5DCA0316371E}.Debug|x64.ActiveCfg = Debug|Any CPU
		{A7CE0160-754C-403C-A545-5DCA0316371E}.Debug|x64.Build.0 = Debug|Any CPU
		{A7CE0160-754C-403C-A545-5DCA0316371E}.Release|Any CPU.ActiveCfg = Release|Any CPU
		{A7CE0160-754C-403C-A545-5DCA0316371E}.Release|Any CPU.Build.0 = Release|Any CPU
		{A7CE0160-754C-403C-A545-5DCA0316371E}.Release|x64.ActiveCfg = Release|Any CPU
		{A7CE0160-754C-403C-A545-5DCA0316371E}.Release|x64.Build.0 = Release|Any CPU
	EndGlobalSection
	GlobalSection(SolutionProperties) = preSolution
		HideSolutionNode = FALSE
	EndGlobalSection
	GlobalSection(NestedProjects) = preSolution
		{2882CA48-AA91-4258-A957-3EECF71118EA} = {5F3E5461-4862-4BB7-A77E-CE0C357CA067}
		{5F3E5461-4862-4BB7-A77E-CE0C357CA067} = {1267221E-DFD9-41AB-A5AE-FB24ABD995D1}
		{D80D9307-EA01-40EC-B805-EDD1F513404F} = {5F3E5461-4862-4BB7-A77E-CE0C357CA067}
		{5A12D780-66AF-4C5D-83CE-CE6EAFBBAD5C} = {5F3E5461-4862-4BB7-A77E-CE0C357CA067}
		{6CF4CF6A-ECDB-4AC6-AB3E-657CDB33728B} = {5F3E5461-4862-4BB7-A77E-CE0C357CA067}
		{8615A513-B8A0-44EF-AF99-3DA928BB8AF4} = {5F3E5461-4862-4BB7-A77E-CE0C357CA067}
		{BF0C9010-7897-4C3D-925E-D7D744B3A415} = {5F3E5461-4862-4BB7-A77E-CE0C357CA067}
		{21A86F07-3DD4-4EC6-87D9-B9577D6F99BF} = {5F3E5461-4862-4BB7-A77E-CE0C357CA067}
		{CD420F87-8C52-454F-AFB7-410A777B164D} = {5F3E5461-4862-4BB7-A77E-CE0C357CA067}
		{06299614-419F-45FA-991C-39C54F153053} = {5F3E5461-4862-4BB7-A77E-CE0C357CA067}
		{EF4BF538-4B7B-44B2-A546-3783C4977020} = {1267221E-DFD9-41AB-A5AE-FB24ABD995D1}
		{D91577FF-F537-40D9-99A7-E37295FD6357} = {EF4BF538-4B7B-44B2-A546-3783C4977020}
		{99BC7F30-D30E-4C06-871B-1C978C7879C8} = {EF4BF538-4B7B-44B2-A546-3783C4977020}
		{A7CE0160-754C-403C-A545-5DCA0316371E} = {5F3E5461-4862-4BB7-A77E-CE0C357CA067}
	EndGlobalSection
EndGlobal
